// !$*UTF8*$!
{
	archiveVersion = 1;
	classes = {
	};
	objectVersion = 46;
	objects = {

/* Begin PBXBuildFile section */
		3C8B296C29DE63505BE47065 /* Pods_Table_View_Demo.framework in Frameworks */ = {isa = PBXBuildFile; fileRef = 2C6A6377E20CA74BEC8F5CF6 /* Pods_Table_View_Demo.framework */; };
		FC66B0231C8F73FF00983C12 /* AppDelegate.swift in Sources */ = {isa = PBXBuildFile; fileRef = FC66B0221C8F73FF00983C12 /* AppDelegate.swift */; };
		FC66B0251C8F73FF00983C12 /* ViewController.swift in Sources */ = {isa = PBXBuildFile; fileRef = FC66B0241C8F73FF00983C12 /* ViewController.swift */; };
		FC66B0281C8F73FF00983C12 /* Main.storyboard in Resources */ = {isa = PBXBuildFile; fileRef = FC66B0261C8F73FF00983C12 /* Main.storyboard */; };
		FC66B02A1C8F73FF00983C12 /* Assets.xcassets in Resources */ = {isa = PBXBuildFile; fileRef = FC66B0291C8F73FF00983C12 /* Assets.xcassets */; };
		FC66B02D1C8F73FF00983C12 /* LaunchScreen.storyboard in Resources */ = {isa = PBXBuildFile; fileRef = FC66B02B1C8F73FF00983C12 /* LaunchScreen.storyboard */; };
		FC66B0381C8F73FF00983C12 /* Table_View_DemoTests.swift in Sources */ = {isa = PBXBuildFile; fileRef = FC66B0371C8F73FF00983C12 /* Table_View_DemoTests.swift */; };
		FC66B0431C8F73FF00983C12 /* Table_View_DemoUITests.swift in Sources */ = {isa = PBXBuildFile; fileRef = FC66B0421C8F73FF00983C12 /* Table_View_DemoUITests.swift */; };
		FC66B0551C8F778D00983C12 /* UserCell.swift in Sources */ = {isa = PBXBuildFile; fileRef = FC66B0541C8F778D00983C12 /* UserCell.swift */; };
		FC66B0571C8F8D9700983C12 /* MovieCell.swift in Sources */ = {isa = PBXBuildFile; fileRef = FC66B0561C8F8D9700983C12 /* MovieCell.swift */; };
		FC66B0591C8F967B00983C12 /* PhotosViewController.swift in Sources */ = {isa = PBXBuildFile; fileRef = FC66B0581C8F967B00983C12 /* PhotosViewController.swift */; };
		FC66B05B1C8F97D100983C12 /* PhotoCell.swift in Sources */ = {isa = PBXBuildFile; fileRef = FC66B05A1C8F97D100983C12 /* PhotoCell.swift */; };
/* End PBXBuildFile section */

/* Begin PBXContainerItemProxy section */
		FC66B0341C8F73FF00983C12 /* PBXContainerItemProxy */ = {
			isa = PBXContainerItemProxy;
			containerPortal = FC66B0171C8F73FF00983C12 /* Project object */;
			proxyType = 1;
			remoteGlobalIDString = FC66B01E1C8F73FF00983C12;
			remoteInfo = "Table View Demo";
		};
		FC66B03F1C8F73FF00983C12 /* PBXContainerItemProxy */ = {
			isa = PBXContainerItemProxy;
			containerPortal = FC66B0171C8F73FF00983C12 /* Project object */;
			proxyType = 1;
			remoteGlobalIDString = FC66B01E1C8F73FF00983C12;
			remoteInfo = "Table View Demo";
		};
/* End PBXContainerItemProxy section */

/* Begin PBXFileReference section */
		1891C58FA765AC6F9283A694 /* Pods-Table View Demo.debug.xcconfig */ = {isa = PBXFileReference; includeInIndex = 1; lastKnownFileType = text.xcconfig; name = "Pods-Table View Demo.debug.xcconfig"; path = "Pods/Target Support Files/Pods-Table View Demo/Pods-Table View Demo.debug.xcconfig"; sourceTree = "<group>"; };
		2C6A6377E20CA74BEC8F5CF6 /* Pods_Table_View_Demo.framework */ = {isa = PBXFileReference; explicitFileType = wrapper.framework; includeInIndex = 0; path = Pods_Table_View_Demo.framework; sourceTree = BUILT_PRODUCTS_DIR; };
		89433AD485B01915C2A89115 /* Pods-Table View Demo.release.xcconfig */ = {isa = PBXFileReference; includeInIndex = 1; lastKnownFileType = text.xcconfig; name = "Pods-Table View Demo.release.xcconfig"; path = "Pods/Target Support Files/Pods-Table View Demo/Pods-Table View Demo.release.xcconfig"; sourceTree = "<group>"; };
		FC66B01F1C8F73FF00983C12 /* Table View Demo.app */ = {isa = PBXFileReference; explicitFileType = wrapper.application; includeInIndex = 0; path = "Table View Demo.app"; sourceTree = BUILT_PRODUCTS_DIR; };
		FC66B0221C8F73FF00983C12 /* AppDelegate.swift */ = {isa = PBXFileReference; lastKnownFileType = sourcecode.swift; path = AppDelegate.swift; sourceTree = "<group>"; };
		FC66B0241C8F73FF00983C12 /* ViewController.swift */ = {isa = PBXFileReference; lastKnownFileType = sourcecode.swift; path = ViewController.swift; sourceTree = "<group>"; };
		FC66B0271C8F73FF00983C12 /* Base */ = {isa = PBXFileReference; lastKnownFileType = file.storyboard; name = Base; path = Base.lproj/Main.storyboard; sourceTree = "<group>"; };
		FC66B0291C8F73FF00983C12 /* Assets.xcassets */ = {isa = PBXFileReference; lastKnownFileType = folder.assetcatalog; path = Assets.xcassets; sourceTree = "<group>"; };
		FC66B02C1C8F73FF00983C12 /* Base */ = {isa = PBXFileReference; lastKnownFileType = file.storyboard; name = Base; path = Base.lproj/LaunchScreen.storyboard; sourceTree = "<group>"; };
		FC66B02E1C8F73FF00983C12 /* Info.plist */ = {isa = PBXFileReference; lastKnownFileType = text.plist.xml; path = Info.plist; sourceTree = "<group>"; };
		FC66B0331C8F73FF00983C12 /* Table View DemoTests.xctest */ = {isa = PBXFileReference; explicitFileType = wrapper.cfbundle; includeInIndex = 0; path = "Table View DemoTests.xctest"; sourceTree = BUILT_PRODUCTS_DIR; };
		FC66B0371C8F73FF00983C12 /* Table_View_DemoTests.swift */ = {isa = PBXFileReference; lastKnownFileType = sourcecode.swift; path = Table_View_DemoTests.swift; sourceTree = "<group>"; };
		FC66B0391C8F73FF00983C12 /* Info.plist */ = {isa = PBXFileReference; lastKnownFileType = text.plist.xml; path = Info.plist; sourceTree = "<group>"; };
		FC66B03E1C8F73FF00983C12 /* Table View DemoUITests.xctest */ = {isa = PBXFileReference; explicitFileType = wrapper.cfbundle; includeInIndex = 0; path = "Table View DemoUITests.xctest"; sourceTree = BUILT_PRODUCTS_DIR; };
		FC66B0421C8F73FF00983C12 /* Table_View_DemoUITests.swift */ = {isa = PBXFileReference; lastKnownFileType = sourcecode.swift; path = Table_View_DemoUITests.swift; sourceTree = "<group>"; };
		FC66B0441C8F73FF00983C12 /* Info.plist */ = {isa = PBXFileReference; lastKnownFileType = text.plist.xml; path = Info.plist; sourceTree = "<group>"; };
		FC66B0541C8F778D00983C12 /* UserCell.swift */ = {isa = PBXFileReference; fileEncoding = 4; lastKnownFileType = sourcecode.swift; path = UserCell.swift; sourceTree = "<group>"; };
		FC66B0561C8F8D9700983C12 /* MovieCell.swift */ = {isa = PBXFileReference; fileEncoding = 4; lastKnownFileType = sourcecode.swift; path = MovieCell.swift; sourceTree = "<group>"; };
		FC66B0581C8F967B00983C12 /* PhotosViewController.swift */ = {isa = PBXFileReference; fileEncoding = 4; lastKnownFileType = sourcecode.swift; path = PhotosViewController.swift; sourceTree = "<group>"; };
		FC66B05A1C8F97D100983C12 /* PhotoCell.swift */ = {isa = PBXFileReference; fileEncoding = 4; lastKnownFileType = sourcecode.swift; path = PhotoCell.swift; sourceTree = "<group>"; };
/* End PBXFileReference section */

/* Begin PBXFrameworksBuildPhase section */
		FC66B01C1C8F73FF00983C12 /* Frameworks */ = {
			isa = PBXFrameworksBuildPhase;
			buildActionMask = 2147483647;
			files = (
				3C8B296C29DE63505BE47065 /* Pods_Table_View_Demo.framework in Frameworks */,
			);
			runOnlyForDeploymentPostprocessing = 0;
		};
		FC66B0301C8F73FF00983C12 /* Frameworks */ = {
			isa = PBXFrameworksBuildPhase;
			buildActionMask = 2147483647;
			files = (
			);
			runOnlyForDeploymentPostprocessing = 0;
		};
		FC66B03B1C8F73FF00983C12 /* Frameworks */ = {
			isa = PBXFrameworksBuildPhase;
			buildActionMask = 2147483647;
			files = (
			);
			runOnlyForDeploymentPostprocessing = 0;
		};
/* End PBXFrameworksBuildPhase section */

/* Begin PBXGroup section */
		5F2BBE477DC4699D498B0340 /* Pods */ = {
			isa = PBXGroup;
			children = (
				1891C58FA765AC6F9283A694 /* Pods-Table View Demo.debug.xcconfig */,
				89433AD485B01915C2A89115 /* Pods-Table View Demo.release.xcconfig */,
			);
			name = Pods;
			sourceTree = "<group>";
		};
		F11FDF7B8A32522BC4C03892 /* Frameworks */ = {
			isa = PBXGroup;
			children = (
				2C6A6377E20CA74BEC8F5CF6 /* Pods_Table_View_Demo.framework */,
			);
			name = Frameworks;
			sourceTree = "<group>";
		};
		FC66B0161C8F73FF00983C12 = {
			isa = PBXGroup;
			children = (
				FC66B0211C8F73FF00983C12 /* Table View Demo */,
				FC66B0361C8F73FF00983C12 /* Table View DemoTests */,
				FC66B0411C8F73FF00983C12 /* Table View DemoUITests */,
				FC66B0201C8F73FF00983C12 /* Products */,
				5F2BBE477DC4699D498B0340 /* Pods */,
				F11FDF7B8A32522BC4C03892 /* Frameworks */,
			);
			sourceTree = "<group>";
		};
		FC66B0201C8F73FF00983C12 /* Products */ = {
			isa = PBXGroup;
			children = (
				FC66B01F1C8F73FF00983C12 /* Table View Demo.app */,
				FC66B0331C8F73FF00983C12 /* Table View DemoTests.xctest */,
				FC66B03E1C8F73FF00983C12 /* Table View DemoUITests.xctest */,
			);
			name = Products;
			sourceTree = "<group>";
		};
		FC66B0211C8F73FF00983C12 /* Table View Demo */ = {
			isa = PBXGroup;
			children = (
				FC66B0221C8F73FF00983C12 /* AppDelegate.swift */,
				FC66B0241C8F73FF00983C12 /* ViewController.swift */,
				FC66B0541C8F778D00983C12 /* UserCell.swift */,
				FC66B0561C8F8D9700983C12 /* MovieCell.swift */,
				FC66B0261C8F73FF00983C12 /* Main.storyboard */,
				FC66B0581C8F967B00983C12 /* PhotosViewController.swift */,
				FC66B05A1C8F97D100983C12 /* PhotoCell.swift */,
				FC66B0291C8F73FF00983C12 /* Assets.xcassets */,
				FC66B02B1C8F73FF00983C12 /* LaunchScreen.storyboard */,
				FC66B02E1C8F73FF00983C12 /* Info.plist */,
			);
			path = "Table View Demo";
			sourceTree = "<group>";
		};
		FC66B0361C8F73FF00983C12 /* Table View DemoTests */ = {
			isa = PBXGroup;
			children = (
				FC66B0371C8F73FF00983C12 /* Table_View_DemoTests.swift */,
				FC66B0391C8F73FF00983C12 /* Info.plist */,
			);
			path = "Table View DemoTests";
			sourceTree = "<group>";
		};
		FC66B0411C8F73FF00983C12 /* Table View DemoUITests */ = {
			isa = PBXGroup;
			children = (
				FC66B0421C8F73FF00983C12 /* Table_View_DemoUITests.swift */,
				FC66B0441C8F73FF00983C12 /* Info.plist */,
			);
			path = "Table View DemoUITests";
			sourceTree = "<group>";
		};
/* End PBXGroup section */

/* Begin PBXNativeTarget section */
		FC66B01E1C8F73FF00983C12 /* Table View Demo */ = {
			isa = PBXNativeTarget;
			buildConfigurationList = FC66B0471C8F73FF00983C12 /* Build configuration list for PBXNativeTarget "Table View Demo" */;
			buildPhases = (
				AC1A1971676DBC4DBBF5AE7F /* Check Pods Manifest.lock */,
				FC66B01B1C8F73FF00983C12 /* Sources */,
				FC66B01C1C8F73FF00983C12 /* Frameworks */,
				FC66B01D1C8F73FF00983C12 /* Resources */,
				269B414153B8DE0DF7F559E3 /* Embed Pods Frameworks */,
				6F813AD66838F7FB5A9397AD /* Copy Pods Resources */,
			);
			buildRules = (
			);
			dependencies = (
			);
			name = "Table View Demo";
			productName = "Table View Demo";
			productReference = FC66B01F1C8F73FF00983C12 /* Table View Demo.app */;
			productType = "com.apple.product-type.application";
		};
		FC66B0321C8F73FF00983C12 /* Table View DemoTests */ = {
			isa = PBXNativeTarget;
			buildConfigurationList = FC66B04A1C8F73FF00983C12 /* Build configuration list for PBXNativeTarget "Table View DemoTests" */;
			buildPhases = (
				FC66B02F1C8F73FF00983C12 /* Sources */,
				FC66B0301C8F73FF00983C12 /* Frameworks */,
				FC66B0311C8F73FF00983C12 /* Resources */,
			);
			buildRules = (
			);
			dependencies = (
				FC66B0351C8F73FF00983C12 /* PBXTargetDependency */,
			);
			name = "Table View DemoTests";
			productName = "Table View DemoTests";
			productReference = FC66B0331C8F73FF00983C12 /* Table View DemoTests.xctest */;
			productType = "com.apple.product-type.bundle.unit-test";
		};
		FC66B03D1C8F73FF00983C12 /* Table View DemoUITests */ = {
			isa = PBXNativeTarget;
			buildConfigurationList = FC66B04D1C8F73FF00983C12 /* Build configuration list for PBXNativeTarget "Table View DemoUITests" */;
			buildPhases = (
				FC66B03A1C8F73FF00983C12 /* Sources */,
				FC66B03B1C8F73FF00983C12 /* Frameworks */,
				FC66B03C1C8F73FF00983C12 /* Resources */,
			);
			buildRules = (
			);
			dependencies = (
				FC66B0401C8F73FF00983C12 /* PBXTargetDependency */,
			);
			name = "Table View DemoUITests";
			productName = "Table View DemoUITests";
			productReference = FC66B03E1C8F73FF00983C12 /* Table View DemoUITests.xctest */;
			productType = "com.apple.product-type.bundle.ui-testing";
		};
/* End PBXNativeTarget section */

/* Begin PBXProject section */
		FC66B0171C8F73FF00983C12 /* Project object */ = {
			isa = PBXProject;
			attributes = {
				LastSwiftUpdateCheck = 0720;
				LastUpgradeCheck = 0720;
				ORGANIZATIONNAME = "Corwin Crownover";
				TargetAttributes = {
					FC66B01E1C8F73FF00983C12 = {
						CreatedOnToolsVersion = 7.2.1;
					};
					FC66B0321C8F73FF00983C12 = {
						CreatedOnToolsVersion = 7.2.1;
						TestTargetID = FC66B01E1C8F73FF00983C12;
					};
					FC66B03D1C8F73FF00983C12 = {
						CreatedOnToolsVersion = 7.2.1;
						TestTargetID = FC66B01E1C8F73FF00983C12;
					};
				};
			};
			buildConfigurationList = FC66B01A1C8F73FF00983C12 /* Build configuration list for PBXProject "Table View Demo" */;
			compatibilityVersion = "Xcode 3.2";
			developmentRegion = English;
			hasScannedForEncodings = 0;
			knownRegions = (
				en,
				Base,
			);
			mainGroup = FC66B0161C8F73FF00983C12;
			productRefGroup = FC66B0201C8F73FF00983C12 /* Products */;
			projectDirPath = "";
			projectRoot = "";
			targets = (
				FC66B01E1C8F73FF00983C12 /* Table View Demo */,
				FC66B0321C8F73FF00983C12 /* Table View DemoTests */,
				FC66B03D1C8F73FF00983C12 /* Table View DemoUITests */,
			);
		};
/* End PBXProject section */

/* Begin PBXResourcesBuildPhase section */
		FC66B01D1C8F73FF00983C12 /* Resources */ = {
			isa = PBXResourcesBuildPhase;
			buildActionMask = 2147483647;
			files = (
				FC66B02D1C8F73FF00983C12 /* LaunchScreen.storyboard in Resources */,
				FC66B02A1C8F73FF00983C12 /* Assets.xcassets in Resources */,
				FC66B0281C8F73FF00983C12 /* Main.storyboard in Resources */,
			);
			runOnlyForDeploymentPostprocessing = 0;
		};
		FC66B0311C8F73FF00983C12 /* Resources */ = {
			isa = PBXResourcesBuildPhase;
			buildActionMask = 2147483647;
			files = (
			);
			runOnlyForDeploymentPostprocessing = 0;
		};
		FC66B03C1C8F73FF00983C12 /* Resources */ = {
			isa = PBXResourcesBuildPhase;
			buildActionMask = 2147483647;
			files = (
			);
			runOnlyForDeploymentPostprocessing = 0;
		};
/* End PBXResourcesBuildPhase section */

/* Begin PBXShellScriptBuildPhase section */
		269B414153B8DE0DF7F559E3 /* Embed Pods Frameworks */ = {
			isa = PBXShellScriptBuildPhase;
			buildActionMask = 2147483647;
			files = (
			);
			inputPaths = (
			);
			name = "Embed Pods Frameworks";
			outputPaths = (
			);
			runOnlyForDeploymentPostprocessing = 0;
			shellPath = /bin/sh;
			shellScript = "\"${SRCROOT}/Pods/Target Support Files/Pods-Table View Demo/Pods-Table View Demo-frameworks.sh\"\n";
			showEnvVarsInLog = 0;
		};
		6F813AD66838F7FB5A9397AD /* Copy Pods Resources */ = {
			isa = PBXShellScriptBuildPhase;
			buildActionMask = 2147483647;
			files = (
			);
			inputPaths = (
			);
			name = "Copy Pods Resources";
			outputPaths = (
			);
			runOnlyForDeploymentPostprocessing = 0;
			shellPath = /bin/sh;
			shellScript = "\"${SRCROOT}/Pods/Target Support Files/Pods-Table View Demo/Pods-Table View Demo-resources.sh\"\n";
			showEnvVarsInLog = 0;
		};
		AC1A1971676DBC4DBBF5AE7F /* Check Pods Manifest.lock */ = {
			isa = PBXShellScriptBuildPhase;
			buildActionMask = 2147483647;
			files = (
			);
			inputPaths = (
			);
			name = "Check Pods Manifest.lock";
			outputPaths = (
			);
			runOnlyForDeploymentPostprocessing = 0;
			shellPath = /bin/sh;
			shellScript = "diff \"${PODS_ROOT}/../Podfile.lock\" \"${PODS_ROOT}/Manifest.lock\" > /dev/null\nif [[ $? != 0 ]] ; then\n    cat << EOM\nerror: The sandbox is not in sync with the Podfile.lock. Run 'pod install' or update your CocoaPods installation.\nEOM\n    exit 1\nfi\n";
			showEnvVarsInLog = 0;
		};
/* End PBXShellScriptBuildPhase section */

/* Begin PBXSourcesBuildPhase section */
		FC66B01B1C8F73FF00983C12 /* Sources */ = {
			isa = PBXSourcesBuildPhase;
			buildActionMask = 2147483647;
			files = (
				FC66B0251C8F73FF00983C12 /* ViewController.swift in Sources */,
				FC66B0231C8F73FF00983C12 /* AppDelegate.swift in Sources */,
				FC66B0571C8F8D9700983C12 /* MovieCell.swift in Sources */,
				FC66B0551C8F778D00983C12 /* UserCell.swift in Sources */,
				FC66B05B1C8F97D100983C12 /* PhotoCell.swift in Sources */,
				FC66B0591C8F967B00983C12 /* PhotosViewController.swift in Sources */,
			);
			runOnlyForDeploymentPostprocessing = 0;
		};
		FC66B02F1C8F73FF00983C12 /* Sources */ = {
			isa = PBXSourcesBuildPhase;
			buildActionMask = 2147483647;
			files = (
				FC66B0381C8F73FF00983C12 /* Table_View_DemoTests.swift in Sources */,
			);
			runOnlyForDeploymentPostprocessing = 0;
		};
		FC66B03A1C8F73FF00983C12 /* Sources */ = {
			isa = PBXSourcesBuildPhase;
			buildActionMask = 2147483647;
			files = (
				FC66B0431C8F73FF00983C12 /* Table_View_DemoUITests.swift in Sources */,
			);
			runOnlyForDeploymentPostprocessing = 0;
		};
/* End PBXSourcesBuildPhase section */

/* Begin PBXTargetDependency section */
		FC66B0351C8F73FF00983C12 /* PBXTargetDependency */ = {
			isa = PBXTargetDependency;
			target = FC66B01E1C8F73FF00983C12 /* Table View Demo */;
			targetProxy = FC66B0341C8F73FF00983C12 /* PBXContainerItemProxy */;
		};
		FC66B0401C8F73FF00983C12 /* PBXTargetDependency */ = {
			isa = PBXTargetDependency;
			target = FC66B01E1C8F73FF00983C12 /* Table View Demo */;
			targetProxy = FC66B03F1C8F73FF00983C12 /* PBXContainerItemProxy */;
		};
/* End PBXTargetDependency section */

/* Begin PBXVariantGroup section */
		FC66B0261C8F73FF00983C12 /* Main.storyboard */ = {
			isa = PBXVariantGroup;
			children = (
				FC66B0271C8F73FF00983C12 /* Base */,
			);
			name = Main.storyboard;
			sourceTree = "<group>";
		};
		FC66B02B1C8F73FF00983C12 /* LaunchScreen.storyboard */ = {
			isa = PBXVariantGroup;
			children = (
				FC66B02C1C8F73FF00983C12 /* Base */,
			);
			name = LaunchScreen.storyboard;
			sourceTree = "<group>";
		};
/* End PBXVariantGroup section */

/* Begin XCBuildConfiguration section */
		FC66B0451C8F73FF00983C12 /* Debug */ = {
			isa = XCBuildConfiguration;
			buildSettings = {
				ALWAYS_SEARCH_USER_PATHS = NO;
				CLANG_CXX_LANGUAGE_STANDARD = "gnu++0x";
				CLANG_CXX_LIBRARY = "libc++";
				CLANG_ENABLE_MODULES = YES;
				CLANG_ENABLE_OBJC_ARC = YES;
				CLANG_WARN_BOOL_CONVERSION = YES;
				CLANG_WARN_CONSTANT_CONVERSION = YES;
				CLANG_WARN_DIRECT_OBJC_ISA_USAGE = YES_ERROR;
				CLANG_WARN_EMPTY_BODY = YES;
				CLANG_WARN_ENUM_CONVERSION = YES;
				CLANG_WARN_INT_CONVERSION = YES;
				CLANG_WARN_OBJC_ROOT_CLASS = YES_ERROR;
				CLANG_WARN_UNREACHABLE_CODE = YES;
				CLANG_WARN__DUPLICATE_METHOD_MATCH = YES;
				"CODE_SIGN_IDENTITY[sdk=iphoneos*]" = "iPhone Developer";
				COPY_PHASE_STRIP = NO;
				DEBUG_INFORMATION_FORMAT = dwarf;
				ENABLE_STRICT_OBJC_MSGSEND = YES;
				ENABLE_TESTABILITY = YES;
				GCC_C_LANGUAGE_STANDARD = gnu99;
				GCC_DYNAMIC_NO_PIC = NO;
				GCC_NO_COMMON_BLOCKS = YES;
				GCC_OPTIMIZATION_LEVEL = 0;
				GCC_PREPROCESSOR_DEFINITIONS = (
					"DEBUG=1",
					"$(inherited)",
				);
				GCC_WARN_64_TO_32_BIT_CONVERSION = YES;
				GCC_WARN_ABOUT_RETURN_TYPE = YES_ERROR;
				GCC_WARN_UNDECLARED_SELECTOR = YES;
				GCC_WARN_UNINITIALIZED_AUTOS = YES_AGGRESSIVE;
				GCC_WARN_UNUSED_FUNCTION = YES;
				GCC_WARN_UNUSED_VARIABLE = YES;
				IPHONEOS_DEPLOYMENT_TARGET = 9.2;
				MTL_ENABLE_DEBUG_INFO = YES;
				ONLY_ACTIVE_ARCH = YES;
				SDKROOT = iphoneos;
				SWIFT_OPTIMIZATION_LEVEL = "-Onone";
			};
			name = Debug;
		};
		FC66B0461C8F73FF00983C12 /* Release */ = {
			isa = XCBuildConfiguration;
			buildSettings = {
				ALWAYS_SEARCH_USER_PATHS = NO;
				CLANG_CXX_LANGUAGE_STANDARD = "gnu++0x";
				CLANG_CXX_LIBRARY = "libc++";
				CLANG_ENABLE_MODULES = YES;
				CLANG_ENABLE_OBJC_ARC = YES;
				CLANG_WARN_BOOL_CONVERSION = YES;
				CLANG_WARN_CONSTANT_CONVERSION = YES;
				CLANG_WARN_DIRECT_OBJC_ISA_USAGE = YES_ERROR;
				CLANG_WARN_EMPTY_BODY = YES;
				CLANG_WARN_ENUM_CONVERSION = YES;
				CLANG_WARN_INT_CONVERSION = YES;
				CLANG_WARN_OBJC_ROOT_CLASS = YES_ERROR;
				CLANG_WARN_UNREACHABLE_CODE = YES;
				CLANG_WARN__DUPLICATE_METHOD_MATCH = YES;
				"CODE_SIGN_IDENTITY[sdk=iphoneos*]" = "iPhone Developer";
				COPY_PHASE_STRIP = NO;
				DEBUG_INFORMATION_FORMAT = "dwarf-with-dsym";
				ENABLE_NS_ASSERTIONS = NO;
				ENABLE_STRICT_OBJC_MSGSEND = YES;
				GCC_C_LANGUAGE_STANDARD = gnu99;
				GCC_NO_COMMON_BLOCKS = YES;
				GCC_WARN_64_TO_32_BIT_CONVERSION = YES;
				GCC_WARN_ABOUT_RETURN_TYPE = YES_ERROR;
				GCC_WARN_UNDECLARED_SELECTOR = YES;
				GCC_WARN_UNINITIALIZED_AUTOS = YES_AGGRESSIVE;
				GCC_WARN_UNUSED_FUNCTION = YES;
				GCC_WARN_UNUSED_VARIABLE = YES;
				IPHONEOS_DEPLOYMENT_TARGET = 9.2;
				MTL_ENABLE_DEBUG_INFO = NO;
				SDKROOT = iphoneos;
				VALIDATE_PRODUCT = YES;
			};
			name = Release;
		};
		FC66B0481C8F73FF00983C12 /* Debug */ = {
			isa = XCBuildConfiguration;
			baseConfigurationReference = 1891C58FA765AC6F9283A694 /* Pods-Table View Demo.debug.xcconfig */;
			buildSettings = {
				ASSETCATALOG_COMPILER_APPICON_NAME = AppIcon;
				INFOPLIST_FILE = "Table View Demo/Info.plist";
				LD_RUNPATH_SEARCH_PATHS = "$(inherited) @executable_path/Frameworks";
				PRODUCT_BUNDLE_IDENTIFIER = "C.Table-View-Demo";
				PRODUCT_NAME = "$(TARGET_NAME)";
			};
			name = Debug;
		};
		FC66B0491C8F73FF00983C12 /* Release */ = {
			isa = XCBuildConfiguration;
			baseConfigurationReference = 89433AD485B01915C2A89115 /* Pods-Table View Demo.release.xcconfig */;
			buildSettings = {
				ASSETCATALOG_COMPILER_APPICON_NAME = AppIcon;
				INFOPLIST_FILE = "Table View Demo/Info.plist";
				LD_RUNPATH_SEARCH_PATHS = "$(inherited) @executable_path/Frameworks";
				PRODUCT_BUNDLE_IDENTIFIER = "C.Table-View-Demo";
				PRODUCT_NAME = "$(TARGET_NAME)";
			};
			name = Release;
		};
		FC66B04B1C8F73FF00983C12 /* Debug */ = {
			isa = XCBuildConfiguration;
			buildSettings = {
				BUNDLE_LOADER = "$(TEST_HOST)";
				INFOPLIST_FILE = "Table View DemoTests/Info.plist";
				LD_RUNPATH_SEARCH_PATHS = "$(inherited) @executable_path/Frameworks @loader_path/Frameworks";
				PRODUCT_BUNDLE_IDENTIFIER = "C.Table-View-DemoTests";
				PRODUCT_NAME = "$(TARGET_NAME)";
				TEST_HOST = "$(BUILT_PRODUCTS_DIR)/Table View Demo.app/Table View Demo";
			};
			name = Debug;
		};
		FC66B04C1C8F73FF00983C12 /* Release */ = {
			isa = XCBuildConfiguration;
			buildSettings = {
				BUNDLE_LOADER = "$(TEST_HOST)";
				INFOPLIST_FILE = "Table View DemoTests/Info.plist";
				LD_RUNPATH_SEARCH_PATHS = "$(inherited) @executable_path/Frameworks @loader_path/Frameworks";
				PRODUCT_BUNDLE_IDENTIFIER = "C.Table-View-DemoTests";
				PRODUCT_NAME = "$(TARGET_NAME)";
				TEST_HOST = "$(BUILT_PRODUCTS_DIR)/Table View Demo.app/Table View Demo";
			};
			name = Release;
		};
		FC66B04E1C8F73FF00983C12 /* Debug */ = {
			isa = XCBuildConfiguration;
			buildSettings = {
				INFOPLIST_FILE = "Table View DemoUITests/Info.plist";
				LD_RUNPATH_SEARCH_PATHS = "$(inherited) @executable_path/Frameworks @loader_path/Frameworks";
				PRODUCT_BUNDLE_IDENTIFIER = "C.Table-View-DemoUITests";
				PRODUCT_NAME = "$(TARGET_NAME)";
				TEST_TARGET_NAME = "Table View Demo";
				USES_XCTRUNNER = YES;
			};
			name = Debug;
		};
		FC66B04F1C8F73FF00983C12 /* Release */ = {
			isa = XCBuildConfiguration;
			buildSettings = {
				INFOPLIST_FILE = "Table View DemoUITests/Info.plist";
				LD_RUNPATH_SEARCH_PATHS = "$(inherited) @executable_path/Frameworks @loader_path/Frameworks";
				PRODUCT_BUNDLE_IDENTIFIER = "C.Table-View-DemoUITests";
				PRODUCT_NAME = "$(TARGET_NAME)";
				TEST_TARGET_NAME = "Table View Demo";
				USES_XCTRUNNER = YES;
			};
			name = Release;
		};
/* End XCBuildConfiguration section */

/* Begin XCConfigurationList section */
		FC66B01A1C8F73FF00983C12 /* Build configuration list for PBXProject "Table View Demo" */ = {
			isa = XCConfigurationList;
			buildConfigurations = (
				FC66B0451C8F73FF00983C12 /* Debug */,
				FC66B0461C8F73FF00983C12 /* Release */,
			);
			defaultConfigurationIsVisible = 0;
			defaultConfigurationName = Release;
		};
		FC66B0471C8F73FF00983C12 /* Build configuration list for PBXNativeTarget "Table View Demo" */ = {
			isa = XCConfigurationList;
			buildConfigurations = (
				FC66B0481C8F73FF00983C12 /* Debug */,
				FC66B0491C8F73FF00983C12 /* Release */,
			);
			defaultConfigurationIsVisible = 0;
			defaultConfigurationName = Release;
		};
		FC66B04A1C8F73FF00983C12 /* Build configuration list for PBXNativeTarget "Table View DemoTests" */ = {
			isa = XCConfigurationList;
			buildConfigurations = (
				FC66B04B1C8F73FF00983C12 /* Debug */,
				FC66B04C1C8F73FF00983C12 /* Release */,
			);
			defaultConfigurationIsVisible = 0;
			defaultConfigurationName = Release;
		};
		FC66B04D1C8F73FF00983C12 /* Build configuration list for PBXNativeTarget "Table View DemoUITests" */ = {
			isa = XCConfigurationList;
			buildConfigurations = (
				FC66B04E1C8F73FF00983C12 /* Debug */,
				FC66B04F1C8F73FF00983C12 /* Release */,
			);
			defaultConfigurationIsVisible = 0;
			defaultConfigurationName = Release;
		};
/* End XCConfigurationList section */
	};
	rootObject = FC66B0171C8F73FF00983C12 /* Project object */;
}
